
Microsoft Visual Studio Solution File, Format Version 12.00
# Visual Studio Version 17
VisualStudioVersion = 17.6.33815.320
MinimumVisualStudioVersion = 10.0.40219.1
Project("{2150E333-8FDC-42A3-9474-1A3956D46DE8}") = "N-36", "N-36", "{A2A47FD0-B98C-4D7F-852B-54AA98037FD3}"
EndProject
Project("{2150E333-8FDC-42A3-9474-1A3956D46DE8}") = "N36-HT1", "N36-HT1", "{254F4487-2A48-4BA4-9D12-92BF6FE3C375}"
EndProject
Project("{9A19103F-16F7-4668-BE54-9A1E7A4F7556}") = "36-HT1", "36-HT1\36-HT1.csproj", "{B750FC25-6C38-4600-93E9-29070B8E1ABF}"
EndProject
Project("{2150E333-8FDC-42A3-9474-1A3956D46DE8}") = "Models", "Models", "{EE14CD30-F0AF-4E36-B633-C091177B8D64}"
EndProject
Project("{9A19103F-16F7-4668-BE54-9A1E7A4F7556}") = "Model", "Model\Model.csproj", "{50430563-D04A-4E00-A270-FBB6F448F4C6}"
EndProject
Project("{9A19103F-16F7-4668-BE54-9A1E7A4F7556}") = "N37-HT2", "N37-HT2\N37-HT2.csproj", "{911B94D9-9E02-43D4-AC83-FC19E9F16941}"
EndProject
Project("{2150E333-8FDC-42A3-9474-1A3956D46DE8}") = "N-37", "N-37", "{0FF79DD4-4D94-49E1-B597-FDF57CBD5142}"
EndProject
Project("{2150E333-8FDC-42A3-9474-1A3956D46DE8}") = "HomeTask-HT1", "HomeTask-HT1", "{C58C3EB5-E130-4F1A-9CD0-E01DCCE74951}"
EndProject
Project("{9A19103F-16F7-4668-BE54-9A1E7A4F7556}") = "HT-1", "HT-1\HT-1.csproj", "{CC52FB66-2E34-42BC-8716-F4F45043A5A7}"
EndProject
Project("{2150E333-8FDC-42A3-9474-1A3956D46DE8}") = "MedicineShop", "MedicineShop", "{0277F245-56BA-4199-A681-9EC5197350E3}"
EndProject
Project("{2150E333-8FDC-42A3-9474-1A3956D46DE8}") = "Amalyot", "Amalyot", "{00671C73-A844-4CFD-9939-7FFE8CB04D98}"
EndProject
Project("{9A19103F-16F7-4668-BE54-9A1E7A4F7556}") = "Medicine", "Medicine\Medicine.csproj", "{65142CE2-67D7-470C-A99D-806F08014EFC}"
EndProject
Project("{2150E333-8FDC-42A3-9474-1A3956D46DE8}") = "N-38", "N-38", "{292915AD-9212-44AC-A50C-24CFDA2FF669}"
EndProject
Project("{2150E333-8FDC-42A3-9474-1A3956D46DE8}") = "HomeTask", "HomeTask", "{972E907E-28C2-44D4-935B-19A13ABD71F4}"
EndProject
Project("{2150E333-8FDC-42A3-9474-1A3956D46DE8}") = "Models", "Models", "{B71B3ED0-C1BA-4212-BE22-E351A6F25707}"
EndProject
Project("{2150E333-8FDC-42A3-9474-1A3956D46DE8}") = "Servises", "Servises", "{96D41193-33B0-4BF3-9859-C1173E703EA5}"
EndProject
Project("{9A19103F-16F7-4668-BE54-9A1E7A4F7556}") = "HT-1 Models", "HT-1 Models\HT-1 Models.csproj", "{69A04ACC-04FB-4EAB-9D0C-3B22D9A92E2A}"
EndProject
Project("{9A19103F-16F7-4668-BE54-9A1E7A4F7556}") = "N38-HT1", "N38-HT1\N38-HT1.csproj", "{5CA396F3-8FC4-43ED-AE85-CC77796BB590}"
EndProject
Project("{2150E333-8FDC-42A3-9474-1A3956D46DE8}") = "N-39", "N-39", "{04B66D15-0277-4A75-AE49-97D6EF6282E2}"
EndProject
Project("{2150E333-8FDC-42A3-9474-1A3956D46DE8}") = "HT-N39-2", "HT-N39-2", "{7F6F7FC5-7B09-47B1-A169-3B2C6EA48B24}"
EndProject
Project("{2150E333-8FDC-42A3-9474-1A3956D46DE8}") = "Models", "Models", "{74AFE3D5-614D-4A98-8C9C-B1628C77EA83}"
EndProject
Project("{2150E333-8FDC-42A3-9474-1A3956D46DE8}") = "Servise", "Servise", "{1F34C723-62A8-44EA-940B-27D43AEB3473}"
EndProject
Project("{FAE04EC0-301F-11D3-BF4B-00C04F79EFBC}") = "Registration", "Registration\Registration.csproj", "{716AF4F2-FCF8-4011-9305-37B8C6ED95FF}"
EndProject
Project("{FAE04EC0-301F-11D3-BF4B-00C04F79EFBC}") = "RegistrationServise", "RegistrationServise\RegistrationServise.csproj", "{628FB5BC-06AB-45D4-AB87-D4CB42672ACF}"
EndProject
Project("{2150E333-8FDC-42A3-9474-1A3956D46DE8}") = "HT-N39-1", "HT-N39-1", "{487655EE-3645-441C-B6F0-F9735B203040}"
EndProject
Project("{FAE04EC0-301F-11D3-BF4B-00C04F79EFBC}") = "N39-HT1", "N39-HT1\N39-HT1.csproj", "{C610641D-25D9-4AA6-B764-468018996186}"
EndProject
Project("{2150E333-8FDC-42A3-9474-1A3956D46DE8}") = "Amalyorlarim", "Amalyorlarim", "{7EF0F0C1-59BA-412C-914D-3DDAADF89AB0}"
EndProject
Project("{2150E333-8FDC-42A3-9474-1A3956D46DE8}") = "Tester", "Tester", "{1FC35D5D-198A-4881-8D63-45BA7E4E23CF}"
EndProject
Project("{FAE04EC0-301F-11D3-BF4B-00C04F79EFBC}") = "N10Tester", "N10Tester\N10Tester.csproj", "{8334B6E7-3B17-48F3-8BC4-FE8A2A4EF536}"
EndProject
Project("{2150E333-8FDC-42A3-9474-1A3956D46DE8}") = "EmailChacker", "EmailChacker", "{EE2B1743-2787-4583-8D36-43D8319E5234}"
EndProject
Project("{FAE04EC0-301F-11D3-BF4B-00C04F79EFBC}") = "Exeption", "Exeption\Exeption.csproj", "{45FFE011-1475-42D1-A439-C57C9B3AE4DD}"
EndProject
Global
	GlobalSection(SolutionConfigurationPlatforms) = preSolution
		Debug|Any CPU = Debug|Any CPU
		Release|Any CPU = Release|Any CPU
	EndGlobalSection
	GlobalSection(ProjectConfigurationPlatforms) = postSolution
		{B750FC25-6C38-4600-93E9-29070B8E1ABF}.Debug|Any CPU.ActiveCfg = Debug|Any CPU
		{B750FC25-6C38-4600-93E9-29070B8E1ABF}.Debug|Any CPU.Build.0 = Debug|Any CPU
		{B750FC25-6C38-4600-93E9-29070B8E1ABF}.Release|Any CPU.ActiveCfg = Release|Any CPU
		{B750FC25-6C38-4600-93E9-29070B8E1ABF}.Release|Any CPU.Build.0 = Release|Any CPU
		{50430563-D04A-4E00-A270-FBB6F448F4C6}.Debug|Any CPU.ActiveCfg = Debug|Any CPU
		{50430563-D04A-4E00-A270-FBB6F448F4C6}.Debug|Any CPU.Build.0 = Debug|Any CPU
		{50430563-D04A-4E00-A270-FBB6F448F4C6}.Release|Any CPU.ActiveCfg = Release|Any CPU
		{50430563-D04A-4E00-A270-FBB6F448F4C6}.Release|Any CPU.Build.0 = Release|Any CPU
		{911B94D9-9E02-43D4-AC83-FC19E9F16941}.Debug|Any CPU.ActiveCfg = Debug|Any CPU
		{911B94D9-9E02-43D4-AC83-FC19E9F16941}.Debug|Any CPU.Build.0 = Debug|Any CPU
		{911B94D9-9E02-43D4-AC83-FC19E9F16941}.Release|Any CPU.ActiveCfg = Release|Any CPU
		{911B94D9-9E02-43D4-AC83-FC19E9F16941}.Release|Any CPU.Build.0 = Release|Any CPU
		{CC52FB66-2E34-42BC-8716-F4F45043A5A7}.Debug|Any CPU.ActiveCfg = Debug|Any CPU
		{CC52FB66-2E34-42BC-8716-F4F45043A5A7}.Debug|Any CPU.Build.0 = Debug|Any CPU
		{CC52FB66-2E34-42BC-8716-F4F45043A5A7}.Release|Any CPU.ActiveCfg = Release|Any CPU
		{CC52FB66-2E34-42BC-8716-F4F45043A5A7}.Release|Any CPU.Build.0 = Release|Any CPU
		{65142CE2-67D7-470C-A99D-806F08014EFC}.Debug|Any CPU.ActiveCfg = Debug|Any CPU
		{65142CE2-67D7-470C-A99D-806F08014EFC}.Debug|Any CPU.Build.0 = Debug|Any CPU
		{65142CE2-67D7-470C-A99D-806F08014EFC}.Release|Any CPU.ActiveCfg = Release|Any CPU
		{65142CE2-67D7-470C-A99D-806F08014EFC}.Release|Any CPU.Build.0 = Release|Any CPU
		{69A04ACC-04FB-4EAB-9D0C-3B22D9A92E2A}.Debug|Any CPU.ActiveCfg = Debug|Any CPU
		{69A04ACC-04FB-4EAB-9D0C-3B22D9A92E2A}.Debug|Any CPU.Build.0 = Debug|Any CPU
		{69A04ACC-04FB-4EAB-9D0C-3B22D9A92E2A}.Release|Any CPU.ActiveCfg = Release|Any CPU
		{69A04ACC-04FB-4EAB-9D0C-3B22D9A92E2A}.Release|Any CPU.Build.0 = Release|Any CPU
		{5CA396F3-8FC4-43ED-AE85-CC77796BB590}.Debug|Any CPU.ActiveCfg = Debug|Any CPU
		{5CA396F3-8FC4-43ED-AE85-CC77796BB590}.Debug|Any CPU.Build.0 = Debug|Any CPU
		{5CA396F3-8FC4-43ED-AE85-CC77796BB590}.Release|Any CPU.ActiveCfg = Release|Any CPU
		{5CA396F3-8FC4-43ED-AE85-CC77796BB590}.Release|Any CPU.Build.0 = Release|Any CPU
		{716AF4F2-FCF8-4011-9305-37B8C6ED95FF}.Debug|Any CPU.ActiveCfg = Debug|Any CPU
		{716AF4F2-FCF8-4011-9305-37B8C6ED95FF}.Debug|Any CPU.Build.0 = Debug|Any CPU
		{716AF4F2-FCF8-4011-9305-37B8C6ED95FF}.Release|Any CPU.ActiveCfg = Release|Any CPU
		{716AF4F2-FCF8-4011-9305-37B8C6ED95FF}.Release|Any CPU.Build.0 = Release|Any CPU
		{628FB5BC-06AB-45D4-AB87-D4CB42672ACF}.Debug|Any CPU.ActiveCfg = Debug|Any CPU
		{628FB5BC-06AB-45D4-AB87-D4CB42672ACF}.Debug|Any CPU.Build.0 = Debug|Any CPU
		{628FB5BC-06AB-45D4-AB87-D4CB42672ACF}.Release|Any CPU.ActiveCfg = Release|Any CPU
		{628FB5BC-06AB-45D4-AB87-D4CB42672ACF}.Release|Any CPU.Build.0 = Release|Any CPU
		{C610641D-25D9-4AA6-B764-468018996186}.Debug|Any CPU.ActiveCfg = Debug|Any CPU
		{C610641D-25D9-4AA6-B764-468018996186}.Debug|Any CPU.Build.0 = Debug|Any CPU
		{C610641D-25D9-4AA6-B764-468018996186}.Release|Any CPU.ActiveCfg = Release|Any CPU
		{C610641D-25D9-4AA6-B764-468018996186}.Release|Any CPU.Build.0 = Release|Any CPU
		{8334B6E7-3B17-48F3-8BC4-FE8A2A4EF536}.Debug|Any CPU.ActiveCfg = Debug|Any CPU
		{8334B6E7-3B17-48F3-8BC4-FE8A2A4EF536}.Debug|Any CPU.Build.0 = Debug|Any CPU
		{8334B6E7-3B17-48F3-8BC4-FE8A2A4EF536}.Release|Any CPU.ActiveCfg = Release|Any CPU
		{8334B6E7-3B17-48F3-8BC4-FE8A2A4EF536}.Release|Any CPU.Build.0 = Release|Any CPU
		{45FFE011-1475-42D1-A439-C57C9B3AE4DD}.Debug|Any CPU.ActiveCfg = Debug|Any CPU
		{45FFE011-1475-42D1-A439-C57C9B3AE4DD}.Debug|Any CPU.Build.0 = Debug|Any CPU
		{45FFE011-1475-42D1-A439-C57C9B3AE4DD}.Release|Any CPU.ActiveCfg = Release|Any CPU
		{45FFE011-1475-42D1-A439-C57C9B3AE4DD}.Release|Any CPU.Build.0 = Release|Any CPU
	EndGlobalSection
	GlobalSection(SolutionProperties) = preSolution
		HideSolutionNode = FALSE
	EndGlobalSection
	GlobalSection(NestedProjects) = preSolution
		{254F4487-2A48-4BA4-9D12-92BF6FE3C375} = {A2A47FD0-B98C-4D7F-852B-54AA98037FD3}
		{B750FC25-6C38-4600-93E9-29070B8E1ABF} = {254F4487-2A48-4BA4-9D12-92BF6FE3C375}
		{EE14CD30-F0AF-4E36-B633-C091177B8D64} = {254F4487-2A48-4BA4-9D12-92BF6FE3C375}
		{50430563-D04A-4E00-A270-FBB6F448F4C6} = {EE14CD30-F0AF-4E36-B633-C091177B8D64}
		{911B94D9-9E02-43D4-AC83-FC19E9F16941} = {EE14CD30-F0AF-4E36-B633-C091177B8D64}
		{C58C3EB5-E130-4F1A-9CD0-E01DCCE74951} = {0FF79DD4-4D94-49E1-B597-FDF57CBD5142}
		{CC52FB66-2E34-42BC-8716-F4F45043A5A7} = {C58C3EB5-E130-4F1A-9CD0-E01DCCE74951}
		{00671C73-A844-4CFD-9939-7FFE8CB04D98} = {0277F245-56BA-4199-A681-9EC5197350E3}
		{65142CE2-67D7-470C-A99D-806F08014EFC} = {00671C73-A844-4CFD-9939-7FFE8CB04D98}
		{972E907E-28C2-44D4-935B-19A13ABD71F4} = {292915AD-9212-44AC-A50C-24CFDA2FF669}
		{B71B3ED0-C1BA-4212-BE22-E351A6F25707} = {972E907E-28C2-44D4-935B-19A13ABD71F4}
		{96D41193-33B0-4BF3-9859-C1173E703EA5} = {972E907E-28C2-44D4-935B-19A13ABD71F4}
		{69A04ACC-04FB-4EAB-9D0C-3B22D9A92E2A} = {B71B3ED0-C1BA-4212-BE22-E351A6F25707}
		{5CA396F3-8FC4-43ED-AE85-CC77796BB590} = {972E907E-28C2-44D4-935B-19A13ABD71F4}
		{7F6F7FC5-7B09-47B1-A169-3B2C6EA48B24} = {04B66D15-0277-4A75-AE49-97D6EF6282E2}
		{74AFE3D5-614D-4A98-8C9C-B1628C77EA83} = {7F6F7FC5-7B09-47B1-A169-3B2C6EA48B24}
		{1F34C723-62A8-44EA-940B-27D43AEB3473} = {7F6F7FC5-7B09-47B1-A169-3B2C6EA48B24}
		{716AF4F2-FCF8-4011-9305-37B8C6ED95FF} = {74AFE3D5-614D-4A98-8C9C-B1628C77EA83}
		{628FB5BC-06AB-45D4-AB87-D4CB42672ACF} = {1F34C723-62A8-44EA-940B-27D43AEB3473}
		{487655EE-3645-441C-B6F0-F9735B203040} = {04B66D15-0277-4A75-AE49-97D6EF6282E2}
		{C610641D-25D9-4AA6-B764-468018996186} = {487655EE-3645-441C-B6F0-F9735B203040}
		{1FC35D5D-198A-4881-8D63-45BA7E4E23CF} = {7EF0F0C1-59BA-412C-914D-3DDAADF89AB0}
		{8334B6E7-3B17-48F3-8BC4-FE8A2A4EF536} = {1FC35D5D-198A-4881-8D63-45BA7E4E23CF}
		{EE2B1743-2787-4583-8D36-43D8319E5234} = {1FC35D5D-198A-4881-8D63-45BA7E4E23CF}
		{45FFE011-1475-42D1-A439-C57C9B3AE4DD} = {EE2B1743-2787-4583-8D36-43D8319E5234}
	EndGlobalSection
	GlobalSection(ExtensibilityGlobals) = postSolution
		SolutionGuid = {69353A49-BAD0-4D73-94BC-C8F99B0DF30B}
	EndGlobalSection
EndGlobal
