
Microsoft Visual Studio Solution File, Format Version 12.00
# Visual Studio Version 17
VisualStudioVersion = 17.6.33815.320
MinimumVisualStudioVersion = 10.0.40219.1
Project("{2150E333-8FDC-42A3-9474-1A3956D46DE8}") = "N-36", "N-36", "{A2A47FD0-B98C-4D7F-852B-54AA98037FD3}"
EndProject
Project("{2150E333-8FDC-42A3-9474-1A3956D46DE8}") = "N36-HT1", "N36-HT1", "{254F4487-2A48-4BA4-9D12-92BF6FE3C375}"
EndProject
Project("{9A19103F-16F7-4668-BE54-9A1E7A4F7556}") = "36-HT1", "36-HT1\36-HT1.csproj", "{B750FC25-6C38-4600-93E9-29070B8E1ABF}"
EndProject
Project("{2150E333-8FDC-42A3-9474-1A3956D46DE8}") = "Models", "Models", "{EE14CD30-F0AF-4E36-B633-C091177B8D64}"
EndProject
Project("{9A19103F-16F7-4668-BE54-9A1E7A4F7556}") = "Model", "Model\Model.csproj", "{50430563-D04A-4E00-A270-FBB6F448F4C6}"
EndProject
Project("{9A19103F-16F7-4668-BE54-9A1E7A4F7556}") = "N37-HT2", "N37-HT2\N37-HT2.csproj", "{911B94D9-9E02-43D4-AC83-FC19E9F16941}"
EndProject
Project("{2150E333-8FDC-42A3-9474-1A3956D46DE8}") = "N-37", "N-37", "{0FF79DD4-4D94-49E1-B597-FDF57CBD5142}"
EndProject
Project("{2150E333-8FDC-42A3-9474-1A3956D46DE8}") = "HomeTask-HT1", "HomeTask-HT1", "{C58C3EB5-E130-4F1A-9CD0-E01DCCE74951}"
EndProject
Project("{9A19103F-16F7-4668-BE54-9A1E7A4F7556}") = "HT-1", "HT-1\HT-1.csproj", "{CC52FB66-2E34-42BC-8716-F4F45043A5A7}"
EndProject
Project("{2150E333-8FDC-42A3-9474-1A3956D46DE8}") = "MedicineShop", "MedicineShop", "{0277F245-56BA-4199-A681-9EC5197350E3}"
EndProject
Project("{2150E333-8FDC-42A3-9474-1A3956D46DE8}") = "Amalyot", "Amalyot", "{00671C73-A844-4CFD-9939-7FFE8CB04D98}"
EndProject
Project("{9A19103F-16F7-4668-BE54-9A1E7A4F7556}") = "Medicine", "Medicine\Medicine.csproj", "{65142CE2-67D7-470C-A99D-806F08014EFC}"
EndProject
Project("{2150E333-8FDC-42A3-9474-1A3956D46DE8}") = "N-38", "N-38", "{292915AD-9212-44AC-A50C-24CFDA2FF669}"
EndProject
Project("{2150E333-8FDC-42A3-9474-1A3956D46DE8}") = "HomeTask", "HomeTask", "{972E907E-28C2-44D4-935B-19A13ABD71F4}"
EndProject
Project("{2150E333-8FDC-42A3-9474-1A3956D46DE8}") = "Models", "Models", "{B71B3ED0-C1BA-4212-BE22-E351A6F25707}"
EndProject
Project("{2150E333-8FDC-42A3-9474-1A3956D46DE8}") = "Servises", "Servises", "{96D41193-33B0-4BF3-9859-C1173E703EA5}"
EndProject
Project("{9A19103F-16F7-4668-BE54-9A1E7A4F7556}") = "HT-1 Models", "HT-1 Models\HT-1 Models.csproj", "{69A04ACC-04FB-4EAB-9D0C-3B22D9A92E2A}"
EndProject
Project("{9A19103F-16F7-4668-BE54-9A1E7A4F7556}") = "N38-HT1", "N38-HT1\N38-HT1.csproj", "{5CA396F3-8FC4-43ED-AE85-CC77796BB590}"
EndProject
Project("{2150E333-8FDC-42A3-9474-1A3956D46DE8}") = "N-39", "N-39", "{04B66D15-0277-4A75-AE49-97D6EF6282E2}"
EndProject
Project("{2150E333-8FDC-42A3-9474-1A3956D46DE8}") = "HT-N39-2", "HT-N39-2", "{7F6F7FC5-7B09-47B1-A169-3B2C6EA48B24}"
EndProject
Project("{2150E333-8FDC-42A3-9474-1A3956D46DE8}") = "Models", "Models", "{74AFE3D5-614D-4A98-8C9C-B1628C77EA83}"
EndProject
Project("{2150E333-8FDC-42A3-9474-1A3956D46DE8}") = "Servise", "Servise", "{1F34C723-62A8-44EA-940B-27D43AEB3473}"
EndProject
Project("{9A19103F-16F7-4668-BE54-9A1E7A4F7556}") = "Registration", "Registration\Registration.csproj", "{716AF4F2-FCF8-4011-9305-37B8C6ED95FF}"
EndProject
Project("{9A19103F-16F7-4668-BE54-9A1E7A4F7556}") = "RegistrationServise", "RegistrationServise\RegistrationServise.csproj", "{628FB5BC-06AB-45D4-AB87-D4CB42672ACF}"
EndProject
Project("{2150E333-8FDC-42A3-9474-1A3956D46DE8}") = "HT-N39-1", "HT-N39-1", "{487655EE-3645-441C-B6F0-F9735B203040}"
EndProject
Project("{9A19103F-16F7-4668-BE54-9A1E7A4F7556}") = "N39-HT1", "N39-HT1\N39-HT1.csproj", "{C610641D-25D9-4AA6-B764-468018996186}"
EndProject
Project("{2150E333-8FDC-42A3-9474-1A3956D46DE8}") = "Amalyorlarim", "Amalyorlarim", "{7EF0F0C1-59BA-412C-914D-3DDAADF89AB0}"
EndProject
Project("{2150E333-8FDC-42A3-9474-1A3956D46DE8}") = "Tester", "Tester", "{1FC35D5D-198A-4881-8D63-45BA7E4E23CF}"
EndProject
Project("{9A19103F-16F7-4668-BE54-9A1E7A4F7556}") = "N10Tester", "N10Tester\N10Tester.csproj", "{8334B6E7-3B17-48F3-8BC4-FE8A2A4EF536}"
EndProject
Project("{2150E333-8FDC-42A3-9474-1A3956D46DE8}") = "EmailChacker", "EmailChacker", "{EE2B1743-2787-4583-8D36-43D8319E5234}"
EndProject
Project("{9A19103F-16F7-4668-BE54-9A1E7A4F7556}") = "Exeption", "Exeption\Exeption.csproj", "{45FFE011-1475-42D1-A439-C57C9B3AE4DD}"
EndProject
Project("{2150E333-8FDC-42A3-9474-1A3956D46DE8}") = "Takrorlash", "Takrorlash", "{E7920A7F-EB15-4A62-A7CB-E951049E155E}"
EndProject
Project("{2150E333-8FDC-42A3-9474-1A3956D46DE8}") = "LasTHomework", "LasTHomework", "{0188E6BD-7E0F-4F7F-9BC5-3626367AEB58}"
EndProject
Project("{9A19103F-16F7-4668-BE54-9A1E7A4F7556}") = "N_20_H", "N_20_H\N_20_H.csproj", "{9353B32F-2674-4BFD-933B-ECA7FB9DD5A9}"
EndProject
Project("{2150E333-8FDC-42A3-9474-1A3956D46DE8}") = "Models", "Models", "{F777CD65-A0DC-4421-8930-EC1A2E603EAC}"
EndProject
Project("{2150E333-8FDC-42A3-9474-1A3956D46DE8}") = "N-40", "N-40", "{39BF97E6-38DA-4E3D-88A3-17AC9FFF7E32}"
EndProject
Project("{2150E333-8FDC-42A3-9474-1A3956D46DE8}") = "N40-HT", "N40-HT", "{C74562D4-87ED-429C-8D7D-8061C8D1F294}"
EndProject
Project("{9A19103F-16F7-4668-BE54-9A1E7A4F7556}") = "N40-HT-1", "N40-HT-1\N40-HT-1.csproj", "{3791429A-FC03-4C80-8B2D-ED4C707B5C0A}"
EndProject
Project("{9A19103F-16F7-4668-BE54-9A1E7A4F7556}") = "N40-HT-2", "N40-HT-2\N40-HT-2.csproj", "{0F2D324D-F1FE-4A61-9702-1EF8F223147F}"
EndProject
Project("{2150E333-8FDC-42A3-9474-1A3956D46DE8}") = "N21", "N21", "{1348CE28-6D4F-43F5-84E6-DD5DE8C39ADF}"
EndProject
Project("{9A19103F-16F7-4668-BE54-9A1E7A4F7556}") = "N21", "N21\N21.csproj", "{FA7BA2A1-1752-4244-8758-101A44F74744}"
EndProject
Project("{2150E333-8FDC-42A3-9474-1A3956D46DE8}") = "N43", "N43", "{37A71727-F80C-4FA2-A5C8-FCA1B240A128}"
EndProject
Project("{2150E333-8FDC-42A3-9474-1A3956D46DE8}") = "Task", "Task", "{D7C5FCC5-1DEB-40D8-AAAD-B8C298C52EDA}"
EndProject
Project("{9A19103F-16F7-4668-BE54-9A1E7A4F7556}") = "N43-Task1", "N43-Task1\N43-Task1.csproj", "{96D778DC-E3D6-4BA3-A820-E98806A99E99}"
EndProject
Project("{9A19103F-16F7-4668-BE54-9A1E7A4F7556}") = "N43-Task1-1", "N43-Task1-1\N43-Task1-1.csproj", "{AE776174-6891-4128-8C65-E3683E46129C}"
EndProject
Project("{2150E333-8FDC-42A3-9474-1A3956D46DE8}") = "HomeTask", "HomeTask", "{27FBA879-F495-459B-8134-179F135737AE}"
EndProject
Project("{9A19103F-16F7-4668-BE54-9A1E7A4F7556}") = "N43_HT-1", "N43_HT-1\N43_HT-1.csproj", "{AA8D2B63-59E3-4264-B96C-424651DEF7C4}"
EndProject
Project("{2150E333-8FDC-42A3-9474-1A3956D46DE8}") = "N-44", "N-44", "{77C222B3-0DF9-42B9-B895-A9C65D68262F}"
EndProject
Project("{2150E333-8FDC-42A3-9474-1A3956D46DE8}") = "HomeTask", "HomeTask", "{D166860B-A947-476F-96D9-29685D78F984}"
EndProject
Project("{9A19103F-16F7-4668-BE54-9A1E7A4F7556}") = "N44-HT-1", "N44-HT-1\N44-HT-1.csproj", "{03BE4BAE-FB64-449D-A786-C593E1424D22}"
EndProject
Project("{2150E333-8FDC-42A3-9474-1A3956D46DE8}") = "N-45", "N-45", "{93C469F2-1CF9-4AF2-B819-3E3978521106}"
EndProject
Project("{2150E333-8FDC-42A3-9474-1A3956D46DE8}") = "HomeTask", "HomeTask", "{C54AC9A2-6C72-41A1-9423-71E9ABECF7B7}"
EndProject
Project("{9A19103F-16F7-4668-BE54-9A1E7A4F7556}") = "N45-HT-1", "N45-HT-1\N45-HT-1.csproj", "{8586DA1B-63C5-48E7-96B4-E471EC3C0B70}"
EndProject
Project("{2150E333-8FDC-42A3-9474-1A3956D46DE8}") = "EXAM", "EXAM", "{AD5DC96A-E008-4923-9B39-FA147CE600EF}"
EndProject
Project("{2150E333-8FDC-42A3-9474-1A3956D46DE8}") = "Result", "Result", "{14930302-C8FC-4AEA-BF71-B1E36512BB3E}"
EndProject
Project("{9A19103F-16F7-4668-BE54-9A1E7A4F7556}") = "result", "result\result.csproj", "{0A13BCFE-1784-46A5-BC8C-4F150060D3B2}"
EndProject
Project("{2150E333-8FDC-42A3-9474-1A3956D46DE8}") = "N-48", "N-48", "{93F45729-B4B2-46EA-A3E2-E7F75C70353F}"
EndProject
Project("{2150E333-8FDC-42A3-9474-1A3956D46DE8}") = "HomeTask", "HomeTask", "{518C8CDA-45E7-4847-8C19-99046B22D914}"
EndProject
Project("{2150E333-8FDC-42A3-9474-1A3956D46DE8}") = "Exam_API", "Exam_API", "{EB8D4C1D-2044-4001-8F97-DC6EEAA772BF}"
EndProject
Project("{9A19103F-16F7-4668-BE54-9A1E7A4F7556}") = "WebApI", "WebApI\WebApI.csproj", "{79C64269-EB43-48E3-A9E1-6E8000666FE5}"
EndProject
Project("{9A19103F-16F7-4668-BE54-9A1E7A4F7556}") = "First.WebApi", "First.WebApi\First.WebApi.csproj", "{2B4D2BFA-E284-49F8-A8F2-8464BC965171}"
EndProject
Project("{2150E333-8FDC-42A3-9474-1A3956D46DE8}") = "N-50", "N-50", "{1C7E937F-4CA0-4589-89AE-CA5221BA3EA3}"
EndProject
Project("{2150E333-8FDC-42A3-9474-1A3956D46DE8}") = "HomeTask", "HomeTask", "{BB7108AD-6A9B-4230-B12E-3722EB6EFEE6}"
EndProject
Project("{9A19103F-16F7-4668-BE54-9A1E7A4F7556}") = "HomeTask.ApI", "HomeTask.ApI\HomeTask.ApI.csproj", "{D7E75B02-4300-44D6-8805-023D6B408263}"
EndProject
Project("{9A19103F-16F7-4668-BE54-9A1E7A4F7556}") = "JsonWrite", "JsonWrite\JsonWrite.csproj", "{56390C42-B16F-4178-983F-011D1D0B20C9}"
EndProject
Project("{9A19103F-16F7-4668-BE54-9A1E7A4F7556}") = "Second.WebApI", "Second.WebApI\Second.WebApI.csproj", "{CBCC031F-9183-484D-BADB-CF212DCA9CC8}"
EndProject
Project("{2150E333-8FDC-42A3-9474-1A3956D46DE8}") = "N-51", "N-51", "{6008447A-1C27-4DCD-97D8-34F3B3B9EAB8}"
EndProject
Project("{2150E333-8FDC-42A3-9474-1A3956D46DE8}") = "LessonTask", "LessonTask", "{0370E038-5426-4B3F-91C3-153E0939B465}"
EndProject
Project("{2150E333-8FDC-42A3-9474-1A3956D46DE8}") = "HomeTask", "HomeTask", "{232350D1-515F-4A5D-8CF1-A9384E767392}"
EndProject
Project("{9A19103F-16F7-4668-BE54-9A1E7A4F7556}") = "ToDoList", "ToDoList\ToDoList.csproj", "{8C8CA13A-1FBE-45F9-A405-7928B6649818}"
EndProject
Project("{2150E333-8FDC-42A3-9474-1A3956D46DE8}") = "N-52", "N-52", "{030B54BA-A17E-4D32-9424-167A9FC73DA7}"
EndProject
Project("{2150E333-8FDC-42A3-9474-1A3956D46DE8}") = "LessonTask", "LessonTask", "{89C8BFFB-9E0D-4FE1-9DD3-435AD9E238DF}"
EndProject
Project("{9A19103F-16F7-4668-BE54-9A1E7A4F7556}") = "Questions", "Questions\Questions.csproj", "{09DA90CF-3900-498D-9D0D-D81A8505BABC}"
EndProject
Project("{9A19103F-16F7-4668-BE54-9A1E7A4F7556}") = "Delegates.Events", "Delegates.Events\Delegates.Events.csproj", "{705F2DBA-01B6-4287-BB9D-EB6B52A82831}"
EndProject
Project("{2150E333-8FDC-42A3-9474-1A3956D46DE8}") = "HomeTask", "HomeTask", "{01F0BCB7-19D9-4E3C-A9F9-6887708D265C}"
EndProject
Project("{9A19103F-16F7-4668-BE54-9A1E7A4F7556}") = "Delegats.Events", "Delegats.Events\Delegats.Events.csproj", "{B9EF3F9C-1474-4057-9CA2-B0F760785635}"
EndProject
Project("{2150E333-8FDC-42A3-9474-1A3956D46DE8}") = "N-53", "N-53", "{DE0CC410-2C1D-4529-8A15-58ECA833F144}"
EndProject
Project("{2150E333-8FDC-42A3-9474-1A3956D46DE8}") = "HomeTask", "HomeTask", "{DCD4202F-D0B8-48D6-939C-465A7DEAE047}"
EndProject
Project("{9A19103F-16F7-4668-BE54-9A1E7A4F7556}") = "N-53-HT1", "N-53-HT1\N-53-HT1.csproj", "{2E4D856D-A189-44B7-ABEB-9366844A0C13}"
EndProject
Project("{2150E333-8FDC-42A3-9474-1A3956D46DE8}") = "N-55", "N-55", "{A49AB6AC-5B3E-4590-94F6-0B42725C9D22}"
EndProject
Project("{2150E333-8FDC-42A3-9474-1A3956D46DE8}") = "HomeTask", "HomeTask", "{B13CD8BD-D484-43E3-BBE0-3105A30C00D8}"
EndProject
Project("{9A19103F-16F7-4668-BE54-9A1E7A4F7556}") = "N-55-HT-1", "N-55-HT-1\N-55-HT-1.csproj", "{7D83C6B1-71A1-42DB-A277-C4925D44B6BE}"
EndProject
Project("{2150E333-8FDC-42A3-9474-1A3956D46DE8}") = "N-56", "N-56", "{9488B207-EAD3-4102-8252-70621AB194E2}"
EndProject
Project("{2150E333-8FDC-42A3-9474-1A3956D46DE8}") = "HomeTask", "HomeTask", "{DC787A02-1A82-4AFA-BF31-D30D2DB54EF0}"
EndProject
Project("{2150E333-8FDC-42A3-9474-1A3956D46DE8}") = "Amalyot1", "Amalyot1", "{E525EEA4-390D-4679-8AC6-14D492333898}"
EndProject
Project("{9A19103F-16F7-4668-BE54-9A1E7A4F7556}") = "WebApplication1", "WebApplication1\WebApplication1.csproj", "{26E2BF76-48AD-4123-BF61-8676594DD5DE}"
EndProject
Project("{2150E333-8FDC-42A3-9474-1A3956D46DE8}") = "N-57", "N-57", "{AD09C782-29E0-4BC6-95A5-DDD7A9B465CF}"
EndProject
Project("{2150E333-8FDC-42A3-9474-1A3956D46DE8}") = "LessonTask", "LessonTask", "{1F2176EE-3B9F-4AD5-BEBE-7C59E00AEAE5}"
EndProject
Project("{9A19103F-16F7-4668-BE54-9A1E7A4F7556}") = "Configuration.API", "FileExample\Configuration.API.csproj", "{BA9960D4-AAC2-449A-98F4-B75AE8FE99D3}"
EndProject
Project("{9A19103F-16F7-4668-BE54-9A1E7A4F7556}") = "Files", "Files\Files.csproj", "{0BDBCD88-68CA-4503-AAFE-7C24B49E1258}"
EndProject
Project("{2150E333-8FDC-42A3-9474-1A3956D46DE8}") = "N-59", "N-59", "{7016B5F5-3F8D-4EC1-BE9F-6EE060A42D86}"
EndProject
Project("{2150E333-8FDC-42A3-9474-1A3956D46DE8}") = "LessonTask", "LessonTask", "{8A70CFC5-18C2-4603-9EBD-453E63C399EB}"
EndProject
Project("{2150E333-8FDC-42A3-9474-1A3956D46DE8}") = "HomeTask", "HomeTask", "{212C68EE-74C7-4E37-B343-86F223E1381A}"
EndProject
Project("{FAE04EC0-301F-11D3-BF4B-00C04F79EFBC}") = "StorageApI", "StorageApI\StorageApI.csproj", "{1D79C907-19DF-4165-AC43-ED185E21236B}"
EndProject
Global
	GlobalSection(SolutionConfigurationPlatforms) = preSolution
		Debug|Any CPU = Debug|Any CPU
		Release|Any CPU = Release|Any CPU
	EndGlobalSection
	GlobalSection(ProjectConfigurationPlatforms) = postSolution
		{B750FC25-6C38-4600-93E9-29070B8E1ABF}.Debug|Any CPU.ActiveCfg = Debug|Any CPU
		{B750FC25-6C38-4600-93E9-29070B8E1ABF}.Debug|Any CPU.Build.0 = Debug|Any CPU
		{B750FC25-6C38-4600-93E9-29070B8E1ABF}.Release|Any CPU.ActiveCfg = Release|Any CPU
		{B750FC25-6C38-4600-93E9-29070B8E1ABF}.Release|Any CPU.Build.0 = Release|Any CPU
		{50430563-D04A-4E00-A270-FBB6F448F4C6}.Debug|Any CPU.ActiveCfg = Debug|Any CPU
		{50430563-D04A-4E00-A270-FBB6F448F4C6}.Debug|Any CPU.Build.0 = Debug|Any CPU
		{50430563-D04A-4E00-A270-FBB6F448F4C6}.Release|Any CPU.ActiveCfg = Release|Any CPU
		{50430563-D04A-4E00-A270-FBB6F448F4C6}.Release|Any CPU.Build.0 = Release|Any CPU
		{911B94D9-9E02-43D4-AC83-FC19E9F16941}.Debug|Any CPU.ActiveCfg = Debug|Any CPU
		{911B94D9-9E02-43D4-AC83-FC19E9F16941}.Debug|Any CPU.Build.0 = Debug|Any CPU
		{911B94D9-9E02-43D4-AC83-FC19E9F16941}.Release|Any CPU.ActiveCfg = Release|Any CPU
		{911B94D9-9E02-43D4-AC83-FC19E9F16941}.Release|Any CPU.Build.0 = Release|Any CPU
		{CC52FB66-2E34-42BC-8716-F4F45043A5A7}.Debug|Any CPU.ActiveCfg = Debug|Any CPU
		{CC52FB66-2E34-42BC-8716-F4F45043A5A7}.Debug|Any CPU.Build.0 = Debug|Any CPU
		{CC52FB66-2E34-42BC-8716-F4F45043A5A7}.Release|Any CPU.ActiveCfg = Release|Any CPU
		{CC52FB66-2E34-42BC-8716-F4F45043A5A7}.Release|Any CPU.Build.0 = Release|Any CPU
		{65142CE2-67D7-470C-A99D-806F08014EFC}.Debug|Any CPU.ActiveCfg = Debug|Any CPU
		{65142CE2-67D7-470C-A99D-806F08014EFC}.Debug|Any CPU.Build.0 = Debug|Any CPU
		{65142CE2-67D7-470C-A99D-806F08014EFC}.Release|Any CPU.ActiveCfg = Release|Any CPU
		{65142CE2-67D7-470C-A99D-806F08014EFC}.Release|Any CPU.Build.0 = Release|Any CPU
		{69A04ACC-04FB-4EAB-9D0C-3B22D9A92E2A}.Debug|Any CPU.ActiveCfg = Debug|Any CPU
		{69A04ACC-04FB-4EAB-9D0C-3B22D9A92E2A}.Debug|Any CPU.Build.0 = Debug|Any CPU
		{69A04ACC-04FB-4EAB-9D0C-3B22D9A92E2A}.Release|Any CPU.ActiveCfg = Release|Any CPU
		{69A04ACC-04FB-4EAB-9D0C-3B22D9A92E2A}.Release|Any CPU.Build.0 = Release|Any CPU
		{5CA396F3-8FC4-43ED-AE85-CC77796BB590}.Debug|Any CPU.ActiveCfg = Debug|Any CPU
		{5CA396F3-8FC4-43ED-AE85-CC77796BB590}.Debug|Any CPU.Build.0 = Debug|Any CPU
		{5CA396F3-8FC4-43ED-AE85-CC77796BB590}.Release|Any CPU.ActiveCfg = Release|Any CPU
		{5CA396F3-8FC4-43ED-AE85-CC77796BB590}.Release|Any CPU.Build.0 = Release|Any CPU
		{716AF4F2-FCF8-4011-9305-37B8C6ED95FF}.Debug|Any CPU.ActiveCfg = Debug|Any CPU
		{716AF4F2-FCF8-4011-9305-37B8C6ED95FF}.Debug|Any CPU.Build.0 = Debug|Any CPU
		{716AF4F2-FCF8-4011-9305-37B8C6ED95FF}.Release|Any CPU.ActiveCfg = Release|Any CPU
		{716AF4F2-FCF8-4011-9305-37B8C6ED95FF}.Release|Any CPU.Build.0 = Release|Any CPU
		{628FB5BC-06AB-45D4-AB87-D4CB42672ACF}.Debug|Any CPU.ActiveCfg = Debug|Any CPU
		{628FB5BC-06AB-45D4-AB87-D4CB42672ACF}.Debug|Any CPU.Build.0 = Debug|Any CPU
		{628FB5BC-06AB-45D4-AB87-D4CB42672ACF}.Release|Any CPU.ActiveCfg = Release|Any CPU
		{628FB5BC-06AB-45D4-AB87-D4CB42672ACF}.Release|Any CPU.Build.0 = Release|Any CPU
		{C610641D-25D9-4AA6-B764-468018996186}.Debug|Any CPU.ActiveCfg = Debug|Any CPU
		{C610641D-25D9-4AA6-B764-468018996186}.Debug|Any CPU.Build.0 = Debug|Any CPU
		{C610641D-25D9-4AA6-B764-468018996186}.Release|Any CPU.ActiveCfg = Release|Any CPU
		{C610641D-25D9-4AA6-B764-468018996186}.Release|Any CPU.Build.0 = Release|Any CPU
		{8334B6E7-3B17-48F3-8BC4-FE8A2A4EF536}.Debug|Any CPU.ActiveCfg = Debug|Any CPU
		{8334B6E7-3B17-48F3-8BC4-FE8A2A4EF536}.Debug|Any CPU.Build.0 = Debug|Any CPU
		{8334B6E7-3B17-48F3-8BC4-FE8A2A4EF536}.Release|Any CPU.ActiveCfg = Release|Any CPU
		{8334B6E7-3B17-48F3-8BC4-FE8A2A4EF536}.Release|Any CPU.Build.0 = Release|Any CPU
		{45FFE011-1475-42D1-A439-C57C9B3AE4DD}.Debug|Any CPU.ActiveCfg = Debug|Any CPU
		{45FFE011-1475-42D1-A439-C57C9B3AE4DD}.Debug|Any CPU.Build.0 = Debug|Any CPU
		{45FFE011-1475-42D1-A439-C57C9B3AE4DD}.Release|Any CPU.ActiveCfg = Release|Any CPU
		{45FFE011-1475-42D1-A439-C57C9B3AE4DD}.Release|Any CPU.Build.0 = Release|Any CPU
		{9353B32F-2674-4BFD-933B-ECA7FB9DD5A9}.Debug|Any CPU.ActiveCfg = Debug|Any CPU
		{9353B32F-2674-4BFD-933B-ECA7FB9DD5A9}.Debug|Any CPU.Build.0 = Debug|Any CPU
		{9353B32F-2674-4BFD-933B-ECA7FB9DD5A9}.Release|Any CPU.ActiveCfg = Release|Any CPU
		{9353B32F-2674-4BFD-933B-ECA7FB9DD5A9}.Release|Any CPU.Build.0 = Release|Any CPU
		{3791429A-FC03-4C80-8B2D-ED4C707B5C0A}.Debug|Any CPU.ActiveCfg = Debug|Any CPU
		{3791429A-FC03-4C80-8B2D-ED4C707B5C0A}.Debug|Any CPU.Build.0 = Debug|Any CPU
		{3791429A-FC03-4C80-8B2D-ED4C707B5C0A}.Release|Any CPU.ActiveCfg = Release|Any CPU
		{3791429A-FC03-4C80-8B2D-ED4C707B5C0A}.Release|Any CPU.Build.0 = Release|Any CPU
		{0F2D324D-F1FE-4A61-9702-1EF8F223147F}.Debug|Any CPU.ActiveCfg = Debug|Any CPU
		{0F2D324D-F1FE-4A61-9702-1EF8F223147F}.Debug|Any CPU.Build.0 = Debug|Any CPU
		{0F2D324D-F1FE-4A61-9702-1EF8F223147F}.Release|Any CPU.ActiveCfg = Release|Any CPU
		{0F2D324D-F1FE-4A61-9702-1EF8F223147F}.Release|Any CPU.Build.0 = Release|Any CPU
		{FA7BA2A1-1752-4244-8758-101A44F74744}.Debug|Any CPU.ActiveCfg = Debug|Any CPU
		{FA7BA2A1-1752-4244-8758-101A44F74744}.Debug|Any CPU.Build.0 = Debug|Any CPU
		{FA7BA2A1-1752-4244-8758-101A44F74744}.Release|Any CPU.ActiveCfg = Release|Any CPU
		{FA7BA2A1-1752-4244-8758-101A44F74744}.Release|Any CPU.Build.0 = Release|Any CPU
		{96D778DC-E3D6-4BA3-A820-E98806A99E99}.Debug|Any CPU.ActiveCfg = Debug|Any CPU
		{96D778DC-E3D6-4BA3-A820-E98806A99E99}.Debug|Any CPU.Build.0 = Debug|Any CPU
		{96D778DC-E3D6-4BA3-A820-E98806A99E99}.Release|Any CPU.ActiveCfg = Release|Any CPU
		{96D778DC-E3D6-4BA3-A820-E98806A99E99}.Release|Any CPU.Build.0 = Release|Any CPU
		{AE776174-6891-4128-8C65-E3683E46129C}.Debug|Any CPU.ActiveCfg = Debug|Any CPU
		{AE776174-6891-4128-8C65-E3683E46129C}.Debug|Any CPU.Build.0 = Debug|Any CPU
		{AE776174-6891-4128-8C65-E3683E46129C}.Release|Any CPU.ActiveCfg = Release|Any CPU
		{AE776174-6891-4128-8C65-E3683E46129C}.Release|Any CPU.Build.0 = Release|Any CPU
		{AA8D2B63-59E3-4264-B96C-424651DEF7C4}.Debug|Any CPU.ActiveCfg = Debug|Any CPU
		{AA8D2B63-59E3-4264-B96C-424651DEF7C4}.Debug|Any CPU.Build.0 = Debug|Any CPU
		{AA8D2B63-59E3-4264-B96C-424651DEF7C4}.Release|Any CPU.ActiveCfg = Release|Any CPU
		{AA8D2B63-59E3-4264-B96C-424651DEF7C4}.Release|Any CPU.Build.0 = Release|Any CPU
		{03BE4BAE-FB64-449D-A786-C593E1424D22}.Debug|Any CPU.ActiveCfg = Debug|Any CPU
		{03BE4BAE-FB64-449D-A786-C593E1424D22}.Debug|Any CPU.Build.0 = Debug|Any CPU
		{03BE4BAE-FB64-449D-A786-C593E1424D22}.Release|Any CPU.ActiveCfg = Release|Any CPU
		{03BE4BAE-FB64-449D-A786-C593E1424D22}.Release|Any CPU.Build.0 = Release|Any CPU
		{8586DA1B-63C5-48E7-96B4-E471EC3C0B70}.Debug|Any CPU.ActiveCfg = Debug|Any CPU
		{8586DA1B-63C5-48E7-96B4-E471EC3C0B70}.Debug|Any CPU.Build.0 = Debug|Any CPU
		{8586DA1B-63C5-48E7-96B4-E471EC3C0B70}.Release|Any CPU.ActiveCfg = Release|Any CPU
		{8586DA1B-63C5-48E7-96B4-E471EC3C0B70}.Release|Any CPU.Build.0 = Release|Any CPU
		{0A13BCFE-1784-46A5-BC8C-4F150060D3B2}.Debug|Any CPU.ActiveCfg = Debug|Any CPU
		{0A13BCFE-1784-46A5-BC8C-4F150060D3B2}.Debug|Any CPU.Build.0 = Debug|Any CPU
		{0A13BCFE-1784-46A5-BC8C-4F150060D3B2}.Release|Any CPU.ActiveCfg = Release|Any CPU
		{0A13BCFE-1784-46A5-BC8C-4F150060D3B2}.Release|Any CPU.Build.0 = Release|Any CPU
		{79C64269-EB43-48E3-A9E1-6E8000666FE5}.Debug|Any CPU.ActiveCfg = Debug|Any CPU
		{79C64269-EB43-48E3-A9E1-6E8000666FE5}.Debug|Any CPU.Build.0 = Debug|Any CPU
		{79C64269-EB43-48E3-A9E1-6E8000666FE5}.Release|Any CPU.ActiveCfg = Release|Any CPU
		{79C64269-EB43-48E3-A9E1-6E8000666FE5}.Release|Any CPU.Build.0 = Release|Any CPU
		{2B4D2BFA-E284-49F8-A8F2-8464BC965171}.Debug|Any CPU.ActiveCfg = Debug|Any CPU
		{2B4D2BFA-E284-49F8-A8F2-8464BC965171}.Debug|Any CPU.Build.0 = Debug|Any CPU
		{2B4D2BFA-E284-49F8-A8F2-8464BC965171}.Release|Any CPU.ActiveCfg = Release|Any CPU
		{2B4D2BFA-E284-49F8-A8F2-8464BC965171}.Release|Any CPU.Build.0 = Release|Any CPU
		{D7E75B02-4300-44D6-8805-023D6B408263}.Debug|Any CPU.ActiveCfg = Debug|Any CPU
		{D7E75B02-4300-44D6-8805-023D6B408263}.Debug|Any CPU.Build.0 = Debug|Any CPU
		{D7E75B02-4300-44D6-8805-023D6B408263}.Release|Any CPU.ActiveCfg = Release|Any CPU
		{D7E75B02-4300-44D6-8805-023D6B408263}.Release|Any CPU.Build.0 = Release|Any CPU
		{56390C42-B16F-4178-983F-011D1D0B20C9}.Debug|Any CPU.ActiveCfg = Debug|Any CPU
		{56390C42-B16F-4178-983F-011D1D0B20C9}.Debug|Any CPU.Build.0 = Debug|Any CPU
		{56390C42-B16F-4178-983F-011D1D0B20C9}.Release|Any CPU.ActiveCfg = Release|Any CPU
		{56390C42-B16F-4178-983F-011D1D0B20C9}.Release|Any CPU.Build.0 = Release|Any CPU
		{CBCC031F-9183-484D-BADB-CF212DCA9CC8}.Debug|Any CPU.ActiveCfg = Debug|Any CPU
		{CBCC031F-9183-484D-BADB-CF212DCA9CC8}.Debug|Any CPU.Build.0 = Debug|Any CPU
		{CBCC031F-9183-484D-BADB-CF212DCA9CC8}.Release|Any CPU.ActiveCfg = Release|Any CPU
		{CBCC031F-9183-484D-BADB-CF212DCA9CC8}.Release|Any CPU.Build.0 = Release|Any CPU
		{8C8CA13A-1FBE-45F9-A405-7928B6649818}.Debug|Any CPU.ActiveCfg = Debug|Any CPU
		{8C8CA13A-1FBE-45F9-A405-7928B6649818}.Debug|Any CPU.Build.0 = Debug|Any CPU
		{8C8CA13A-1FBE-45F9-A405-7928B6649818}.Release|Any CPU.ActiveCfg = Release|Any CPU
		{8C8CA13A-1FBE-45F9-A405-7928B6649818}.Release|Any CPU.Build.0 = Release|Any CPU
		{09DA90CF-3900-498D-9D0D-D81A8505BABC}.Debug|Any CPU.ActiveCfg = Debug|Any CPU
		{09DA90CF-3900-498D-9D0D-D81A8505BABC}.Debug|Any CPU.Build.0 = Debug|Any CPU
		{09DA90CF-3900-498D-9D0D-D81A8505BABC}.Release|Any CPU.ActiveCfg = Release|Any CPU
		{09DA90CF-3900-498D-9D0D-D81A8505BABC}.Release|Any CPU.Build.0 = Release|Any CPU
		{705F2DBA-01B6-4287-BB9D-EB6B52A82831}.Debug|Any CPU.ActiveCfg = Debug|Any CPU
		{705F2DBA-01B6-4287-BB9D-EB6B52A82831}.Debug|Any CPU.Build.0 = Debug|Any CPU
		{705F2DBA-01B6-4287-BB9D-EB6B52A82831}.Release|Any CPU.ActiveCfg = Release|Any CPU
		{705F2DBA-01B6-4287-BB9D-EB6B52A82831}.Release|Any CPU.Build.0 = Release|Any CPU
		{B9EF3F9C-1474-4057-9CA2-B0F760785635}.Debug|Any CPU.ActiveCfg = Debug|Any CPU
		{B9EF3F9C-1474-4057-9CA2-B0F760785635}.Debug|Any CPU.Build.0 = Debug|Any CPU
		{B9EF3F9C-1474-4057-9CA2-B0F760785635}.Release|Any CPU.ActiveCfg = Release|Any CPU
		{B9EF3F9C-1474-4057-9CA2-B0F760785635}.Release|Any CPU.Build.0 = Release|Any CPU
		{2E4D856D-A189-44B7-ABEB-9366844A0C13}.Debug|Any CPU.ActiveCfg = Debug|Any CPU
		{2E4D856D-A189-44B7-ABEB-9366844A0C13}.Debug|Any CPU.Build.0 = Debug|Any CPU
		{2E4D856D-A189-44B7-ABEB-9366844A0C13}.Release|Any CPU.ActiveCfg = Release|Any CPU
		{2E4D856D-A189-44B7-ABEB-9366844A0C13}.Release|Any CPU.Build.0 = Release|Any CPU
		{7D83C6B1-71A1-42DB-A277-C4925D44B6BE}.Debug|Any CPU.ActiveCfg = Debug|Any CPU
		{7D83C6B1-71A1-42DB-A277-C4925D44B6BE}.Debug|Any CPU.Build.0 = Debug|Any CPU
		{7D83C6B1-71A1-42DB-A277-C4925D44B6BE}.Release|Any CPU.ActiveCfg = Release|Any CPU
		{7D83C6B1-71A1-42DB-A277-C4925D44B6BE}.Release|Any CPU.Build.0 = Release|Any CPU
		{26E2BF76-48AD-4123-BF61-8676594DD5DE}.Debug|Any CPU.ActiveCfg = Debug|Any CPU
		{26E2BF76-48AD-4123-BF61-8676594DD5DE}.Debug|Any CPU.Build.0 = Debug|Any CPU
		{26E2BF76-48AD-4123-BF61-8676594DD5DE}.Release|Any CPU.ActiveCfg = Release|Any CPU
		{26E2BF76-48AD-4123-BF61-8676594DD5DE}.Release|Any CPU.Build.0 = Release|Any CPU
		{BA9960D4-AAC2-449A-98F4-B75AE8FE99D3}.Debug|Any CPU.ActiveCfg = Debug|Any CPU
		{BA9960D4-AAC2-449A-98F4-B75AE8FE99D3}.Debug|Any CPU.Build.0 = Debug|Any CPU
		{BA9960D4-AAC2-449A-98F4-B75AE8FE99D3}.Release|Any CPU.ActiveCfg = Release|Any CPU
		{BA9960D4-AAC2-449A-98F4-B75AE8FE99D3}.Release|Any CPU.Build.0 = Release|Any CPU
		{0BDBCD88-68CA-4503-AAFE-7C24B49E1258}.Debug|Any CPU.ActiveCfg = Debug|Any CPU
		{0BDBCD88-68CA-4503-AAFE-7C24B49E1258}.Debug|Any CPU.Build.0 = Debug|Any CPU
		{0BDBCD88-68CA-4503-AAFE-7C24B49E1258}.Release|Any CPU.ActiveCfg = Release|Any CPU
		{0BDBCD88-68CA-4503-AAFE-7C24B49E1258}.Release|Any CPU.Build.0 = Release|Any CPU
		{1D79C907-19DF-4165-AC43-ED185E21236B}.Debug|Any CPU.ActiveCfg = Debug|Any CPU
		{1D79C907-19DF-4165-AC43-ED185E21236B}.Debug|Any CPU.Build.0 = Debug|Any CPU
		{1D79C907-19DF-4165-AC43-ED185E21236B}.Release|Any CPU.ActiveCfg = Release|Any CPU
		{1D79C907-19DF-4165-AC43-ED185E21236B}.Release|Any CPU.Build.0 = Release|Any CPU
	EndGlobalSection
	GlobalSection(SolutionProperties) = preSolution
		HideSolutionNode = FALSE
	EndGlobalSection
	GlobalSection(NestedProjects) = preSolution
		{254F4487-2A48-4BA4-9D12-92BF6FE3C375} = {A2A47FD0-B98C-4D7F-852B-54AA98037FD3}
		{B750FC25-6C38-4600-93E9-29070B8E1ABF} = {254F4487-2A48-4BA4-9D12-92BF6FE3C375}
		{EE14CD30-F0AF-4E36-B633-C091177B8D64} = {254F4487-2A48-4BA4-9D12-92BF6FE3C375}
		{50430563-D04A-4E00-A270-FBB6F448F4C6} = {EE14CD30-F0AF-4E36-B633-C091177B8D64}
		{911B94D9-9E02-43D4-AC83-FC19E9F16941} = {EE14CD30-F0AF-4E36-B633-C091177B8D64}
		{C58C3EB5-E130-4F1A-9CD0-E01DCCE74951} = {0FF79DD4-4D94-49E1-B597-FDF57CBD5142}
		{CC52FB66-2E34-42BC-8716-F4F45043A5A7} = {C58C3EB5-E130-4F1A-9CD0-E01DCCE74951}
		{00671C73-A844-4CFD-9939-7FFE8CB04D98} = {0277F245-56BA-4199-A681-9EC5197350E3}
		{65142CE2-67D7-470C-A99D-806F08014EFC} = {00671C73-A844-4CFD-9939-7FFE8CB04D98}
		{972E907E-28C2-44D4-935B-19A13ABD71F4} = {292915AD-9212-44AC-A50C-24CFDA2FF669}
		{B71B3ED0-C1BA-4212-BE22-E351A6F25707} = {972E907E-28C2-44D4-935B-19A13ABD71F4}
		{96D41193-33B0-4BF3-9859-C1173E703EA5} = {972E907E-28C2-44D4-935B-19A13ABD71F4}
		{69A04ACC-04FB-4EAB-9D0C-3B22D9A92E2A} = {B71B3ED0-C1BA-4212-BE22-E351A6F25707}
		{5CA396F3-8FC4-43ED-AE85-CC77796BB590} = {972E907E-28C2-44D4-935B-19A13ABD71F4}
		{7F6F7FC5-7B09-47B1-A169-3B2C6EA48B24} = {04B66D15-0277-4A75-AE49-97D6EF6282E2}
		{74AFE3D5-614D-4A98-8C9C-B1628C77EA83} = {7F6F7FC5-7B09-47B1-A169-3B2C6EA48B24}
		{1F34C723-62A8-44EA-940B-27D43AEB3473} = {7F6F7FC5-7B09-47B1-A169-3B2C6EA48B24}
		{716AF4F2-FCF8-4011-9305-37B8C6ED95FF} = {74AFE3D5-614D-4A98-8C9C-B1628C77EA83}
		{628FB5BC-06AB-45D4-AB87-D4CB42672ACF} = {1F34C723-62A8-44EA-940B-27D43AEB3473}
		{487655EE-3645-441C-B6F0-F9735B203040} = {04B66D15-0277-4A75-AE49-97D6EF6282E2}
		{C610641D-25D9-4AA6-B764-468018996186} = {487655EE-3645-441C-B6F0-F9735B203040}
		{1FC35D5D-198A-4881-8D63-45BA7E4E23CF} = {7EF0F0C1-59BA-412C-914D-3DDAADF89AB0}
		{8334B6E7-3B17-48F3-8BC4-FE8A2A4EF536} = {1FC35D5D-198A-4881-8D63-45BA7E4E23CF}
		{EE2B1743-2787-4583-8D36-43D8319E5234} = {1FC35D5D-198A-4881-8D63-45BA7E4E23CF}
		{45FFE011-1475-42D1-A439-C57C9B3AE4DD} = {EE2B1743-2787-4583-8D36-43D8319E5234}
		{0188E6BD-7E0F-4F7F-9BC5-3626367AEB58} = {E7920A7F-EB15-4A62-A7CB-E951049E155E}
		{9353B32F-2674-4BFD-933B-ECA7FB9DD5A9} = {0188E6BD-7E0F-4F7F-9BC5-3626367AEB58}
		{F777CD65-A0DC-4421-8930-EC1A2E603EAC} = {0188E6BD-7E0F-4F7F-9BC5-3626367AEB58}
		{C74562D4-87ED-429C-8D7D-8061C8D1F294} = {39BF97E6-38DA-4E3D-88A3-17AC9FFF7E32}
		{3791429A-FC03-4C80-8B2D-ED4C707B5C0A} = {C74562D4-87ED-429C-8D7D-8061C8D1F294}
		{0F2D324D-F1FE-4A61-9702-1EF8F223147F} = {C74562D4-87ED-429C-8D7D-8061C8D1F294}
		{1348CE28-6D4F-43F5-84E6-DD5DE8C39ADF} = {E7920A7F-EB15-4A62-A7CB-E951049E155E}
		{FA7BA2A1-1752-4244-8758-101A44F74744} = {1348CE28-6D4F-43F5-84E6-DD5DE8C39ADF}
		{D7C5FCC5-1DEB-40D8-AAAD-B8C298C52EDA} = {37A71727-F80C-4FA2-A5C8-FCA1B240A128}
		{96D778DC-E3D6-4BA3-A820-E98806A99E99} = {D7C5FCC5-1DEB-40D8-AAAD-B8C298C52EDA}
		{AE776174-6891-4128-8C65-E3683E46129C} = {D7C5FCC5-1DEB-40D8-AAAD-B8C298C52EDA}
		{27FBA879-F495-459B-8134-179F135737AE} = {37A71727-F80C-4FA2-A5C8-FCA1B240A128}
		{AA8D2B63-59E3-4264-B96C-424651DEF7C4} = {27FBA879-F495-459B-8134-179F135737AE}
		{D166860B-A947-476F-96D9-29685D78F984} = {77C222B3-0DF9-42B9-B895-A9C65D68262F}
		{03BE4BAE-FB64-449D-A786-C593E1424D22} = {D166860B-A947-476F-96D9-29685D78F984}
		{C54AC9A2-6C72-41A1-9423-71E9ABECF7B7} = {93C469F2-1CF9-4AF2-B819-3E3978521106}
		{8586DA1B-63C5-48E7-96B4-E471EC3C0B70} = {C54AC9A2-6C72-41A1-9423-71E9ABECF7B7}
		{14930302-C8FC-4AEA-BF71-B1E36512BB3E} = {AD5DC96A-E008-4923-9B39-FA147CE600EF}
		{0A13BCFE-1784-46A5-BC8C-4F150060D3B2} = {14930302-C8FC-4AEA-BF71-B1E36512BB3E}
		{93F45729-B4B2-46EA-A3E2-E7F75C70353F} = {77C222B3-0DF9-42B9-B895-A9C65D68262F}
		{518C8CDA-45E7-4847-8C19-99046B22D914} = {93F45729-B4B2-46EA-A3E2-E7F75C70353F}
		{EB8D4C1D-2044-4001-8F97-DC6EEAA772BF} = {518C8CDA-45E7-4847-8C19-99046B22D914}
		{79C64269-EB43-48E3-A9E1-6E8000666FE5} = {EB8D4C1D-2044-4001-8F97-DC6EEAA772BF}
		{2B4D2BFA-E284-49F8-A8F2-8464BC965171} = {518C8CDA-45E7-4847-8C19-99046B22D914}
		{BB7108AD-6A9B-4230-B12E-3722EB6EFEE6} = {1C7E937F-4CA0-4589-89AE-CA5221BA3EA3}
		{D7E75B02-4300-44D6-8805-023D6B408263} = {BB7108AD-6A9B-4230-B12E-3722EB6EFEE6}
		{56390C42-B16F-4178-983F-011D1D0B20C9} = {1348CE28-6D4F-43F5-84E6-DD5DE8C39ADF}
		{CBCC031F-9183-484D-BADB-CF212DCA9CC8} = {518C8CDA-45E7-4847-8C19-99046B22D914}
		{0370E038-5426-4B3F-91C3-153E0939B465} = {6008447A-1C27-4DCD-97D8-34F3B3B9EAB8}
		{232350D1-515F-4A5D-8CF1-A9384E767392} = {6008447A-1C27-4DCD-97D8-34F3B3B9EAB8}
		{8C8CA13A-1FBE-45F9-A405-7928B6649818} = {0370E038-5426-4B3F-91C3-153E0939B465}
		{89C8BFFB-9E0D-4FE1-9DD3-435AD9E238DF} = {030B54BA-A17E-4D32-9424-167A9FC73DA7}
		{09DA90CF-3900-498D-9D0D-D81A8505BABC} = {232350D1-515F-4A5D-8CF1-A9384E767392}
		{705F2DBA-01B6-4287-BB9D-EB6B52A82831} = {030B54BA-A17E-4D32-9424-167A9FC73DA7}
		{01F0BCB7-19D9-4E3C-A9F9-6887708D265C} = {89C8BFFB-9E0D-4FE1-9DD3-435AD9E238DF}
		{B9EF3F9C-1474-4057-9CA2-B0F760785635} = {01F0BCB7-19D9-4E3C-A9F9-6887708D265C}
		{DCD4202F-D0B8-48D6-939C-465A7DEAE047} = {DE0CC410-2C1D-4529-8A15-58ECA833F144}
		{2E4D856D-A189-44B7-ABEB-9366844A0C13} = {DCD4202F-D0B8-48D6-939C-465A7DEAE047}
		{B13CD8BD-D484-43E3-BBE0-3105A30C00D8} = {A49AB6AC-5B3E-4590-94F6-0B42725C9D22}
		{7D83C6B1-71A1-42DB-A277-C4925D44B6BE} = {B13CD8BD-D484-43E3-BBE0-3105A30C00D8}
		{DC787A02-1A82-4AFA-BF31-D30D2DB54EF0} = {9488B207-EAD3-4102-8252-70621AB194E2}
		{E525EEA4-390D-4679-8AC6-14D492333898} = {7EF0F0C1-59BA-412C-914D-3DDAADF89AB0}
		{26E2BF76-48AD-4123-BF61-8676594DD5DE} = {E525EEA4-390D-4679-8AC6-14D492333898}
		{1F2176EE-3B9F-4AD5-BEBE-7C59E00AEAE5} = {AD09C782-29E0-4BC6-95A5-DDD7A9B465CF}
		{BA9960D4-AAC2-449A-98F4-B75AE8FE99D3} = {1F2176EE-3B9F-4AD5-BEBE-7C59E00AEAE5}
		{0BDBCD88-68CA-4503-AAFE-7C24B49E1258} = {DC787A02-1A82-4AFA-BF31-D30D2DB54EF0}
		{8A70CFC5-18C2-4603-9EBD-453E63C399EB} = {7016B5F5-3F8D-4EC1-BE9F-6EE060A42D86}
		{212C68EE-74C7-4E37-B343-86F223E1381A} = {7016B5F5-3F8D-4EC1-BE9F-6EE060A42D86}
		{1D79C907-19DF-4165-AC43-ED185E21236B} = {8A70CFC5-18C2-4603-9EBD-453E63C399EB}
	EndGlobalSection
	GlobalSection(ExtensibilityGlobals) = postSolution
		SolutionGuid = {69353A49-BAD0-4D73-94BC-C8F99B0DF30B}
	EndGlobalSection
EndGlobal
